
Microsoft Visual Studio Solution File, Format Version 11.00
# Visual Phone Developer Express 2010
Project("{FAE04EC0-301F-11D3-BF4B-00C04F79EFBC}") = "WindowsPhonePlatformer", "WindowsPhonePlatformer\WindowsPhonePlatformer\WindowsPhonePlatformer.csproj", "{2FD12025-4D1C-4217-88B3-178DB8E13DD0}"
EndProject
Project("{96E2B04D-8817-42C6-938A-82C39BA4D311}") = "WindowsPhonePlatformerContent", "WindowsPhonePlatformer\WindowsPhonePlatformerContent\WindowsPhonePlatformerContent.contentproj", "{6BD9DB43-02FC-4B37-8F02-8BEAA2A08B80}"
EndProject
Global
	GlobalSection(SolutionConfigurationPlatforms) = preSolution
		Debug|Any CPU = Debug|Any CPU
		Debug|Windows Phone = Debug|Windows Phone
		Release|Any CPU = Release|Any CPU
		Release|Windows Phone = Release|Windows Phone
	EndGlobalSection
	GlobalSection(ProjectConfigurationPlatforms) = postSolution
		{2FD12025-4D1C-4217-88B3-178DB8E13DD0}.Debug|Any CPU.ActiveCfg = Debug|Windows Phone
		{2FD12025-4D1C-4217-88B3-178DB8E13DD0}.Debug|Windows Phone.ActiveCfg = Debug|Windows Phone
		{2FD12025-4D1C-4217-88B3-178DB8E13DD0}.Debug|Windows Phone.Build.0 = Debug|Windows Phone
		{2FD12025-4D1C-4217-88B3-178DB8E13DD0}.Debug|Windows Phone.Deploy.0 = Debug|Windows Phone
		{2FD12025-4D1C-4217-88B3-178DB8E13DD0}.Release|Any CPU.ActiveCfg = Release|Windows Phone
		{2FD12025-4D1C-4217-88B3-178DB8E13DD0}.Release|Windows Phone.ActiveCfg = Release|Windows Phone
		{2FD12025-4D1C-4217-88B3-178DB8E13DD0}.Release|Windows Phone.Build.0 = Release|Windows Phone
		{2FD12025-4D1C-4217-88B3-178DB8E13DD0}.Release|Windows Phone.Deploy.0 = Release|Windows Phone
		{6BD9DB43-02FC-4B37-8F02-8BEAA2A08B80}.Debug|Any CPU.ActiveCfg = Debug|Any CPU
		{6BD9DB43-02FC-4B37-8F02-8BEAA2A08B80}.Debug|Windows Phone.ActiveCfg = Debug|Any CPU
		{6BD9DB43-02FC-4B37-8F02-8BEAA2A08B80}.Release|Any CPU.ActiveCfg = Debug|Any CPU
		{6BD9DB43-02FC-4B37-8F02-8BEAA2A08B80}.Release|Windows Phone.ActiveCfg = Debug|Any CPU
	EndGlobalSection
	GlobalSection(SolutionProperties) = preSolution
		HideSolutionNode = FALSE
	EndGlobalSection
EndGlobal
